{
  "nodes": {
    "evolver-arduino": {
      "inputs": {
        "nixpkgs": [
          "nixpkgs"
        ]
      },
      "locked": {
        "lastModified": 1783556069,
        "narHash": "sha256-3JJGTH7sMfCOD9fAXYpKBs1wrJv73slO+iliqgV/ADQ=",
        "owner": "pbert5",
        "repo": "evolver-arduino",
        "rev": "fa28f7cfac56823e4a50ff2eb6466464ccb987ca",
        "type": "github"
      },
      "original": {
        "owner": "pbert5",
        "repo": "evolver-arduino",
        "type": "github"
      }
    },
    "evolver-dpu": {
      "inputs": {
        "nixpkgs": [
          "nixpkgs"
        ]
      },
      "locked": {
        "lastModified": 1783556056,
        "narHash": "sha256-kVmEow/DZG4XulQT6mqObL8Ti3BJZKUv6S5K/bmZkpM=",
        "owner": "pbert5",
        "repo": "dpu",
        "rev": "4bc658b80bcd4030689303ceabc4e524f79a0d90",
        "type": "github"
      },
      "original": {
        "owner": "pbert5",
        "repo": "dpu",
        "type": "github"
      }
    },
    "nixpkgs": {
      "locked": {
        "lastModified": 1783148766,
        "narHash": "sha256-uslt2pqShTIXDdAHRHv2QkYLsVdY8Oqwz0EA48/RSM8=",
        "owner": "NixOS",
        "repo": "nixpkgs",
        "rev": "a50de1b7d8a586adc18d2395c19de7d6058e6030",
        "type": "github"
      },
      "original": {
        "owner": "NixOS",
        "ref": "nixos-26.05",
        "repo": "nixpkgs",
        "type": "github"
      }
    },
    "root": {
      "inputs": {
        "evolver-arduino": "evolver-arduino",
        "evolver-dpu": "evolver-dpu",
        "nixpkgs": "nixpkgs"
      }
    }
  },
  "root": "root",
  "version": 7
}
